
Microsoft Visual Studio Solution File, Format Version 12.00
# Visual Studio 15
VisualStudioVersion = 15.0.33026.149
MinimumVisualStudioVersion = 10.0.40219.1
Project("{FAE04EC0-301F-11D3-BF4B-00C04F79EFBC}") = "DotNetVersionChanges", "DotNetVersionChanges\DotNetVersionChanges.csproj", "{D401A255-21EE-4336-9ED3-3B8F3F8E0BDE}"
EndProject
Project("{FAE04EC0-301F-11D3-BF4B-00C04F79EFBC}") = "Homework", "Homework\Homework.csproj", "{67E7F173-FF8E-41AB-B5D3-A1BCD81240E2}"
EndProject
Global
	GlobalSection(SolutionConfigurationPlatforms) = preSolution
		Debug|Any CPU = Debug|Any CPU
		Release|Any CPU = Release|Any CPU
	EndGlobalSection
	GlobalSection(ProjectConfigurationPlatforms) = postSolution
		{D401A255-21EE-4336-9ED3-3B8F3F8E0BDE}.Debug|Any CPU.ActiveCfg = Debug|Any CPU
		{D401A255-21EE-4336-9ED3-3B8F3F8E0BDE}.Debug|Any CPU.Build.0 = Debug|Any CPU
		{D401A255-21EE-4336-9ED3-3B8F3F8E0BDE}.Release|Any CPU.ActiveCfg = Release|Any CPU
		{D401A255-21EE-4336-9ED3-3B8F3F8E0BDE}.Release|Any CPU.Build.0 = Release|Any CPU
		{67E7F173-FF8E-41AB-B5D3-A1BCD81240E2}.Debug|Any CPU.ActiveCfg = Debug|Any CPU
		{67E7F173-FF8E-41AB-B5D3-A1BCD81240E2}.Debug|Any CPU.Build.0 = Debug|Any CPU
		{67E7F173-FF8E-41AB-B5D3-A1BCD81240E2}.Release|Any CPU.ActiveCfg = Release|Any CPU
		{67E7F173-FF8E-41AB-B5D3-A1BCD81240E2}.Release|Any CPU.Build.0 = Release|Any CPU
	EndGlobalSection
	GlobalSection(SolutionProperties) = preSolution
		HideSolutionNode = FALSE
	EndGlobalSection
	GlobalSection(ExtensibilityGlobals) = postSolution
		SolutionGuid = {37ECD671-37E1-4B44-BDD5-5B3FF15CBE00}
	EndGlobalSection
EndGlobal
