
Microsoft Visual Studio Solution File, Format Version 12.00
# Visual Studio 15
VisualStudioVersion = 15.0.33026.149
MinimumVisualStudioVersion = 10.0.40219.1
Project("{FAE04EC0-301F-11D3-BF4B-00C04F79EFBC}") = "Linq to XML", "Linq to XML\Linq to XML.csproj", "{10C7A5FD-2B94-4529-B2B2-860CC1E21565}"
EndProject
Project("{FAE04EC0-301F-11D3-BF4B-00C04F79EFBC}") = "PastHomework", "PastHomework\PastHomework.csproj", "{7794F049-C9A4-4876-A26A-A6B5BC3A73DB}"
EndProject
Project("{FAE04EC0-301F-11D3-BF4B-00C04F79EFBC}") = "RSS - Reader App", "RSS - Reader App\RSS - Reader App.csproj", "{9D256870-96C5-4425-9ECB-7FA2EFFCFAAF}"
EndProject
Global
	GlobalSection(SolutionConfigurationPlatforms) = preSolution
		Debug|Any CPU = Debug|Any CPU
		Release|Any CPU = Release|Any CPU
	EndGlobalSection
	GlobalSection(ProjectConfigurationPlatforms) = postSolution
		{10C7A5FD-2B94-4529-B2B2-860CC1E21565}.Debug|Any CPU.ActiveCfg = Debug|Any CPU
		{10C7A5FD-2B94-4529-B2B2-860CC1E21565}.Debug|Any CPU.Build.0 = Debug|Any CPU
		{10C7A5FD-2B94-4529-B2B2-860CC1E21565}.Release|Any CPU.ActiveCfg = Release|Any CPU
		{10C7A5FD-2B94-4529-B2B2-860CC1E21565}.Release|Any CPU.Build.0 = Release|Any CPU
		{7794F049-C9A4-4876-A26A-A6B5BC3A73DB}.Debug|Any CPU.ActiveCfg = Debug|Any CPU
		{7794F049-C9A4-4876-A26A-A6B5BC3A73DB}.Debug|Any CPU.Build.0 = Debug|Any CPU
		{7794F049-C9A4-4876-A26A-A6B5BC3A73DB}.Release|Any CPU.ActiveCfg = Release|Any CPU
		{7794F049-C9A4-4876-A26A-A6B5BC3A73DB}.Release|Any CPU.Build.0 = Release|Any CPU
		{9D256870-96C5-4425-9ECB-7FA2EFFCFAAF}.Debug|Any CPU.ActiveCfg = Debug|Any CPU
		{9D256870-96C5-4425-9ECB-7FA2EFFCFAAF}.Debug|Any CPU.Build.0 = Debug|Any CPU
		{9D256870-96C5-4425-9ECB-7FA2EFFCFAAF}.Release|Any CPU.ActiveCfg = Release|Any CPU
		{9D256870-96C5-4425-9ECB-7FA2EFFCFAAF}.Release|Any CPU.Build.0 = Release|Any CPU
	EndGlobalSection
	GlobalSection(SolutionProperties) = preSolution
		HideSolutionNode = FALSE
	EndGlobalSection
	GlobalSection(ExtensibilityGlobals) = postSolution
		SolutionGuid = {2EB0F69C-DFB6-405E-B063-0934C391639A}
	EndGlobalSection
EndGlobal
