
Microsoft Visual Studio Solution File, Format Version 12.00
# Visual Studio 15
VisualStudioVersion = 15.0.28307.2017
MinimumVisualStudioVersion = 10.0.40219.1
Project("{FAE04EC0-301F-11D3-BF4B-00C04F79EFBC}") = "OpenFormsAndDynamicFormElements", "OpenFormsAndDynamicFormElements\OpenFormsAndDynamicFormElements.csproj", "{2C52536B-2EAC-4597-A135-1AE1394A3FB9}"
EndProject
Project("{FAE04EC0-301F-11D3-BF4B-00C04F79EFBC}") = "Homework", "Homework\Homework.csproj", "{7A12F1D1-6C27-4D30-89FA-6745ACEC1953}"
EndProject
Global
	GlobalSection(SolutionConfigurationPlatforms) = preSolution
		Debug|Any CPU = Debug|Any CPU
		Release|Any CPU = Release|Any CPU
	EndGlobalSection
	GlobalSection(ProjectConfigurationPlatforms) = postSolution
		{2C52536B-2EAC-4597-A135-1AE1394A3FB9}.Debug|Any CPU.ActiveCfg = Debug|Any CPU
		{2C52536B-2EAC-4597-A135-1AE1394A3FB9}.Debug|Any CPU.Build.0 = Debug|Any CPU
		{2C52536B-2EAC-4597-A135-1AE1394A3FB9}.Release|Any CPU.ActiveCfg = Release|Any CPU
		{2C52536B-2EAC-4597-A135-1AE1394A3FB9}.Release|Any CPU.Build.0 = Release|Any CPU
		{7A12F1D1-6C27-4D30-89FA-6745ACEC1953}.Debug|Any CPU.ActiveCfg = Debug|Any CPU
		{7A12F1D1-6C27-4D30-89FA-6745ACEC1953}.Debug|Any CPU.Build.0 = Debug|Any CPU
		{7A12F1D1-6C27-4D30-89FA-6745ACEC1953}.Release|Any CPU.ActiveCfg = Release|Any CPU
		{7A12F1D1-6C27-4D30-89FA-6745ACEC1953}.Release|Any CPU.Build.0 = Release|Any CPU
	EndGlobalSection
	GlobalSection(SolutionProperties) = preSolution
		HideSolutionNode = FALSE
	EndGlobalSection
	GlobalSection(ExtensibilityGlobals) = postSolution
		SolutionGuid = {EA39600A-D820-4F9E-A544-F030069A0199}
	EndGlobalSection
EndGlobal
