
Microsoft Visual Studio Solution File, Format Version 12.00
# Visual Studio 15
VisualStudioVersion = 15.0.28307.1705
MinimumVisualStudioVersion = 10.0.40219.1
Project("{FAE04EC0-301F-11D3-BF4B-00C04F79EFBC}") = "ConditionStatements", "ConditionStatements\ConditionStatements.csproj", "{D71B5A4D-DA0D-44B4-BABF-17D15F9DDDAD}"
EndProject
Project("{FAE04EC0-301F-11D3-BF4B-00C04F79EFBC}") = "VariablesAndOperatorsHomework", "VariablesAndOperatorsHomework\VariablesAndOperatorsHomework.csproj", "{31C67604-0512-4EB9-ADAA-E6458480BC56}"
EndProject
Project("{FAE04EC0-301F-11D3-BF4B-00C04F79EFBC}") = "Homework", "Homework\Homework.csproj", "{F672912C-8660-449A-9E1A-71726D53086D}"
EndProject
Global
	GlobalSection(SolutionConfigurationPlatforms) = preSolution
		Debug|Any CPU = Debug|Any CPU
		Release|Any CPU = Release|Any CPU
	EndGlobalSection
	GlobalSection(ProjectConfigurationPlatforms) = postSolution
		{D71B5A4D-DA0D-44B4-BABF-17D15F9DDDAD}.Debug|Any CPU.ActiveCfg = Debug|Any CPU
		{D71B5A4D-DA0D-44B4-BABF-17D15F9DDDAD}.Debug|Any CPU.Build.0 = Debug|Any CPU
		{D71B5A4D-DA0D-44B4-BABF-17D15F9DDDAD}.Release|Any CPU.ActiveCfg = Release|Any CPU
		{D71B5A4D-DA0D-44B4-BABF-17D15F9DDDAD}.Release|Any CPU.Build.0 = Release|Any CPU
		{31C67604-0512-4EB9-ADAA-E6458480BC56}.Debug|Any CPU.ActiveCfg = Debug|Any CPU
		{31C67604-0512-4EB9-ADAA-E6458480BC56}.Debug|Any CPU.Build.0 = Debug|Any CPU
		{31C67604-0512-4EB9-ADAA-E6458480BC56}.Release|Any CPU.ActiveCfg = Release|Any CPU
		{31C67604-0512-4EB9-ADAA-E6458480BC56}.Release|Any CPU.Build.0 = Release|Any CPU
		{F672912C-8660-449A-9E1A-71726D53086D}.Debug|Any CPU.ActiveCfg = Debug|Any CPU
		{F672912C-8660-449A-9E1A-71726D53086D}.Debug|Any CPU.Build.0 = Debug|Any CPU
		{F672912C-8660-449A-9E1A-71726D53086D}.Release|Any CPU.ActiveCfg = Release|Any CPU
		{F672912C-8660-449A-9E1A-71726D53086D}.Release|Any CPU.Build.0 = Release|Any CPU
	EndGlobalSection
	GlobalSection(SolutionProperties) = preSolution
		HideSolutionNode = FALSE
	EndGlobalSection
	GlobalSection(ExtensibilityGlobals) = postSolution
		SolutionGuid = {9BA4AA8F-8E9E-45B2-B3C7-D75565B4EC14}
	EndGlobalSection
EndGlobal
