
Microsoft Visual Studio Solution File, Format Version 12.00
# Visual Studio 15
VisualStudioVersion = 15.0.28307.1705
MinimumVisualStudioVersion = 10.0.40219.1
Project("{FAE04EC0-301F-11D3-BF4B-00C04F79EFBC}") = "VariablesAndDataTypes", "VariablesAndDataTypes\VariablesAndDataTypes.csproj", "{811FF25B-E0B4-4787-8D07-66F352BC4927}"
EndProject
Project("{FAE04EC0-301F-11D3-BF4B-00C04F79EFBC}") = "Homework", "Homework\Homework.csproj", "{0EC53C11-6095-4156-A148-1DB6FF01A408}"
EndProject
Global
	GlobalSection(SolutionConfigurationPlatforms) = preSolution
		Debug|Any CPU = Debug|Any CPU
		Release|Any CPU = Release|Any CPU
	EndGlobalSection
	GlobalSection(ProjectConfigurationPlatforms) = postSolution
		{811FF25B-E0B4-4787-8D07-66F352BC4927}.Debug|Any CPU.ActiveCfg = Debug|Any CPU
		{811FF25B-E0B4-4787-8D07-66F352BC4927}.Debug|Any CPU.Build.0 = Debug|Any CPU
		{811FF25B-E0B4-4787-8D07-66F352BC4927}.Release|Any CPU.ActiveCfg = Release|Any CPU
		{811FF25B-E0B4-4787-8D07-66F352BC4927}.Release|Any CPU.Build.0 = Release|Any CPU
		{0EC53C11-6095-4156-A148-1DB6FF01A408}.Debug|Any CPU.ActiveCfg = Debug|Any CPU
		{0EC53C11-6095-4156-A148-1DB6FF01A408}.Debug|Any CPU.Build.0 = Debug|Any CPU
		{0EC53C11-6095-4156-A148-1DB6FF01A408}.Release|Any CPU.ActiveCfg = Release|Any CPU
		{0EC53C11-6095-4156-A148-1DB6FF01A408}.Release|Any CPU.Build.0 = Release|Any CPU
	EndGlobalSection
	GlobalSection(SolutionProperties) = preSolution
		HideSolutionNode = FALSE
	EndGlobalSection
	GlobalSection(ExtensibilityGlobals) = postSolution
		SolutionGuid = {F5E25591-0A6A-49E4-A8AF-3C1FDEEB8B13}
	EndGlobalSection
EndGlobal
